// !$*UTF8*$!
{
	archiveVersion = 1;
	classes = {
	};
	objectVersion = 55;
	objects = {

/* Begin PBXBuildFile section */
		0D28527A28D0FD3700BFF734 /* CuriositasButton.swift in Sources */ = {isa = PBXBuildFile; fileRef = 0D28527928D0FD3700BFF734 /* CuriositasButton.swift */; };
		0D28527D28D106DF00BFF734 /* PlayViewController.swift in Sources */ = {isa = PBXBuildFile; fileRef = 0D28527C28D106DF00BFF734 /* PlayViewController.swift */; };
		0D28528028D1331500BFF734 /* CuriositasButtonDelegate.swift in Sources */ = {isa = PBXBuildFile; fileRef = 0D28527F28D1331500BFF734 /* CuriositasButtonDelegate.swift */; };
		0D28528228D1354300BFF734 /* CuriositasButtonViewModel.swift in Sources */ = {isa = PBXBuildFile; fileRef = 0D28528128D1354300BFF734 /* CuriositasButtonViewModel.swift */; };
		0D28528628D13C6A00BFF734 /* CuriositasButtonType.swift in Sources */ = {isa = PBXBuildFile; fileRef = 0D28528528D13C6A00BFF734 /* CuriositasButtonType.swift */; };
		0D66341F28D14A8100356CDB /* UIFont+.swift in Sources */ = {isa = PBXBuildFile; fileRef = 0D66341E28D14A8100356CDB /* UIFont+.swift */; };
		0D66342128D1589100356CDB /* CuriositasTitleType.swift in Sources */ = {isa = PBXBuildFile; fileRef = 0D66342028D1589100356CDB /* CuriositasTitleType.swift */; };
		0D66342428D15BA700356CDB /* OnboardingManager.swift in Sources */ = {isa = PBXBuildFile; fileRef = 0D66342328D15BA700356CDB /* OnboardingManager.swift */; };
		0D66342728D15E5A00356CDB /* MeetCuriositasViewController.swift in Sources */ = {isa = PBXBuildFile; fileRef = 0D66342628D15E5A00356CDB /* MeetCuriositasViewController.swift */; };
		0D66342928D15E9E00356CDB /* MeetCuriositasView.swift in Sources */ = {isa = PBXBuildFile; fileRef = 0D66342828D15E9E00356CDB /* MeetCuriositasView.swift */; };
		0D66343428D18B2000356CDB /* OnboardingViewController.swift in Sources */ = {isa = PBXBuildFile; fileRef = 0D66343328D18B2000356CDB /* OnboardingViewController.swift */; };
		0D66343628D2310D00356CDB /* Onboarding+AnyView.swift in Sources */ = {isa = PBXBuildFile; fileRef = 0D66343528D2310D00356CDB /* Onboarding+AnyView.swift */; };
		0D66343828D2314B00356CDB /* OnboardingViewController+UIPageViewControllerDataSource.swift in Sources */ = {isa = PBXBuildFile; fileRef = 0D66343728D2314B00356CDB /* OnboardingViewController+UIPageViewControllerDataSource.swift */; };
		0D66343A28D2316D00356CDB /* OnboardingViewController+UIPageViewControllerDelegate.swift in Sources */ = {isa = PBXBuildFile; fileRef = 0D66343928D2316D00356CDB /* OnboardingViewController+UIPageViewControllerDelegate.swift */; };
		0D66343C28D243D800356CDB /* MeetCuriositasView+AnyView.swift in Sources */ = {isa = PBXBuildFile; fileRef = 0D66343B28D243D800356CDB /* MeetCuriositasView+AnyView.swift */; };
		0D66343F28D2C0C700356CDB /* MeetCuriositasInformation.swift in Sources */ = {isa = PBXBuildFile; fileRef = 0D66343E28D2C0C700356CDB /* MeetCuriositasInformation.swift */; };
		0D66344128D2C82100356CDB /* MeetCuriositasCardImage.swift in Sources */ = {isa = PBXBuildFile; fileRef = 0D66344028D2C82100356CDB /* MeetCuriositasCardImage.swift */; };
		0D66344428D2DDD400356CDB /* CallFriendsViewController.swift in Sources */ = {isa = PBXBuildFile; fileRef = 0D66344328D2DDD400356CDB /* CallFriendsViewController.swift */; };
		0D66344628D2DE5100356CDB /* CallFriendsView.swift in Sources */ = {isa = PBXBuildFile; fileRef = 0D66344528D2DE5100356CDB /* CallFriendsView.swift */; };
		0D66344928D2DEFF00356CDB /* CallFriendsInformation.swift in Sources */ = {isa = PBXBuildFile; fileRef = 0D66344828D2DEFF00356CDB /* CallFriendsInformation.swift */; };
		0D66344B28D2E2AF00356CDB /* CallFriendsView+AnyView.swift in Sources */ = {isa = PBXBuildFile; fileRef = 0D66344A28D2E2AF00356CDB /* CallFriendsView+AnyView.swift */; };
		0D66344E28D2E4A500356CDB /* LearningCuriositasViewController.swift in Sources */ = {isa = PBXBuildFile; fileRef = 0D66344D28D2E4A500356CDB /* LearningCuriositasViewController.swift */; };
		0D66345028D2E4B300356CDB /* LearningCuriositasView.swift in Sources */ = {isa = PBXBuildFile; fileRef = 0D66344F28D2E4B300356CDB /* LearningCuriositasView.swift */; };
		0D66345228D2E4C300356CDB /* LearningCuriositasView+AnyView.swift in Sources */ = {isa = PBXBuildFile; fileRef = 0D66345128D2E4C300356CDB /* LearningCuriositasView+AnyView.swift */; };
		0D66345528D2E5B100356CDB /* LearningCuriositasInformation.swift in Sources */ = {isa = PBXBuildFile; fileRef = 0D66345428D2E5B100356CDB /* LearningCuriositasInformation.swift */; };
		0D66345728D2E5EA00356CDB /* CallFriendsViewInformation+AnyView.swift in Sources */ = {isa = PBXBuildFile; fileRef = 0D66345628D2E5EA00356CDB /* CallFriendsViewInformation+AnyView.swift */; };
		0D66345928D2E79B00356CDB /* LearningCuriositasInformation+AnyView.swift in Sources */ = {isa = PBXBuildFile; fileRef = 0D66345828D2E79B00356CDB /* LearningCuriositasInformation+AnyView.swift */; };
		0D66345C28D2EB3600356CDB /* StartPlayViewController.swift in Sources */ = {isa = PBXBuildFile; fileRef = 0D66345B28D2EB3600356CDB /* StartPlayViewController.swift */; };
		0D66345E28D2EB4A00356CDB /* StartPlayView.swift in Sources */ = {isa = PBXBuildFile; fileRef = 0D66345D28D2EB4A00356CDB /* StartPlayView.swift */; };
		0D66346028D2EB5C00356CDB /* StartPlayView+AnyView.swift in Sources */ = {isa = PBXBuildFile; fileRef = 0D66345F28D2EB5C00356CDB /* StartPlayView+AnyView.swift */; };
		0D66346328D2ECB200356CDB /* StartPlayInformation.swift in Sources */ = {isa = PBXBuildFile; fileRef = 0D66346228D2ECB200356CDB /* StartPlayInformation.swift */; };
		0D66346528D2EDE300356CDB /* StartPlayActions.swift in Sources */ = {isa = PBXBuildFile; fileRef = 0D66346428D2EDE300356CDB /* StartPlayActions.swift */; };
		0D66346728D2F5A000356CDB /* StartPlayInformation+AnyView.swift in Sources */ = {isa = PBXBuildFile; fileRef = 0D66346628D2F5A000356CDB /* StartPlayInformation+AnyView.swift */; };
		0D66346928D2F5BA00356CDB /* StartPlayActions+AnyView.swift in Sources */ = {isa = PBXBuildFile; fileRef = 0D66346828D2F5BA00356CDB /* StartPlayActions+AnyView.swift */; };
		0DC3655228CFB9A2004350E2 /* AppDelegate.swift in Sources */ = {isa = PBXBuildFile; fileRef = 0DC3655128CFB9A2004350E2 /* AppDelegate.swift */; };
		0DC3655428CFB9A2004350E2 /* SceneDelegate.swift in Sources */ = {isa = PBXBuildFile; fileRef = 0DC3655328CFB9A2004350E2 /* SceneDelegate.swift */; };
		0DC3655628CFB9A2004350E2 /* HomeViewController.swift in Sources */ = {isa = PBXBuildFile; fileRef = 0DC3655528CFB9A2004350E2 /* HomeViewController.swift */; };
		0DC3655C28CFB9A2004350E2 /* curiositas.xcdatamodeld in Sources */ = {isa = PBXBuildFile; fileRef = 0DC3655A28CFB9A2004350E2 /* curiositas.xcdatamodeld */; };
		0DC3655E28CFB9A3004350E2 /* Assets.xcassets in Resources */ = {isa = PBXBuildFile; fileRef = 0DC3655D28CFB9A3004350E2 /* Assets.xcassets */; };
		0DC3656128CFB9A3004350E2 /* LaunchScreen.storyboard in Resources */ = {isa = PBXBuildFile; fileRef = 0DC3655F28CFB9A3004350E2 /* LaunchScreen.storyboard */; };
		0DC3656A28CFBB0E004350E2 /* UIView+Preview.swift in Sources */ = {isa = PBXBuildFile; fileRef = 0DC3656928CFBB0E004350E2 /* UIView+Preview.swift */; };
		0DC3656C28CFBB41004350E2 /* UIViewController+Preview.swift in Sources */ = {isa = PBXBuildFile; fileRef = 0DC3656B28CFBB41004350E2 /* UIViewController+Preview.swift */; };
		0DC3657428CFBDD8004350E2 /* ImageConstants.swift in Sources */ = {isa = PBXBuildFile; fileRef = 0DC3657328CFBDD8004350E2 /* ImageConstants.swift */; };
		0DC3657628CFBFC0004350E2 /* HomeView.swift in Sources */ = {isa = PBXBuildFile; fileRef = 0DC3657528CFBFC0004350E2 /* HomeView.swift */; };
		0DC3657928CFC03E004350E2 /* AnyView.swift in Sources */ = {isa = PBXBuildFile; fileRef = 0DC3657828CFC03E004350E2 /* AnyView.swift */; };
		0DD5526D28D03435001FABCA /* ColorConstants.swift in Sources */ = {isa = PBXBuildFile; fileRef = 0DD5526C28D03435001FABCA /* ColorConstants.swift */; };
		0DD5526F28D036E9001FABCA /* HomeView+AnyView.swift in Sources */ = {isa = PBXBuildFile; fileRef = 0DD5526E28D036E9001FABCA /* HomeView+AnyView.swift */; };
		0DDBDDB328D3986400DB3C29 /* Int+.swift in Sources */ = {isa = PBXBuildFile; fileRef = 0DDBDDB228D3986400DB3C29 /* Int+.swift */; };
		0DDBDDB528D3E14600DB3C29 /* LearningCuriositasLogo.swift in Sources */ = {isa = PBXBuildFile; fileRef = 0DDBDDB428D3E14600DB3C29 /* LearningCuriositasLogo.swift */; };
/* End PBXBuildFile section */

/* Begin PBXFileReference section */
		0D28527928D0FD3700BFF734 /* CuriositasButton.swift */ = {isa = PBXFileReference; lastKnownFileType = sourcecode.swift; path = CuriositasButton.swift; sourceTree = "<group>"; };
		0D28527C28D106DF00BFF734 /* PlayViewController.swift */ = {isa = PBXFileReference; lastKnownFileType = sourcecode.swift; path = PlayViewController.swift; sourceTree = "<group>"; };
		0D28527F28D1331500BFF734 /* CuriositasButtonDelegate.swift */ = {isa = PBXFileReference; lastKnownFileType = sourcecode.swift; path = CuriositasButtonDelegate.swift; sourceTree = "<group>"; };
		0D28528128D1354300BFF734 /* CuriositasButtonViewModel.swift */ = {isa = PBXFileReference; lastKnownFileType = sourcecode.swift; path = CuriositasButtonViewModel.swift; sourceTree = "<group>"; };
		0D28528528D13C6A00BFF734 /* CuriositasButtonType.swift */ = {isa = PBXFileReference; lastKnownFileType = sourcecode.swift; path = CuriositasButtonType.swift; sourceTree = "<group>"; };
		0D66341E28D14A8100356CDB /* UIFont+.swift */ = {isa = PBXFileReference; lastKnownFileType = sourcecode.swift; path = "UIFont+.swift"; sourceTree = "<group>"; };
		0D66342028D1589100356CDB /* CuriositasTitleType.swift */ = {isa = PBXFileReference; lastKnownFileType = sourcecode.swift; path = CuriositasTitleType.swift; sourceTree = "<group>"; };
		0D66342328D15BA700356CDB /* OnboardingManager.swift */ = {isa = PBXFileReference; lastKnownFileType = sourcecode.swift; path = OnboardingManager.swift; sourceTree = "<group>"; };
		0D66342628D15E5A00356CDB /* MeetCuriositasViewController.swift */ = {isa = PBXFileReference; lastKnownFileType = sourcecode.swift; path = MeetCuriositasViewController.swift; sourceTree = "<group>"; };
		0D66342828D15E9E00356CDB /* MeetCuriositasView.swift */ = {isa = PBXFileReference; lastKnownFileType = sourcecode.swift; path = MeetCuriositasView.swift; sourceTree = "<group>"; };
		0D66343328D18B2000356CDB /* OnboardingViewController.swift */ = {isa = PBXFileReference; lastKnownFileType = sourcecode.swift; path = OnboardingViewController.swift; sourceTree = "<group>"; };
		0D66343528D2310D00356CDB /* Onboarding+AnyView.swift */ = {isa = PBXFileReference; lastKnownFileType = sourcecode.swift; path = "Onboarding+AnyView.swift"; sourceTree = "<group>"; };
		0D66343728D2314B00356CDB /* OnboardingViewController+UIPageViewControllerDataSource.swift */ = {isa = PBXFileReference; lastKnownFileType = sourcecode.swift; path = "OnboardingViewController+UIPageViewControllerDataSource.swift"; sourceTree = "<group>"; };
		0D66343928D2316D00356CDB /* OnboardingViewController+UIPageViewControllerDelegate.swift */ = {isa = PBXFileReference; lastKnownFileType = sourcecode.swift; path = "OnboardingViewController+UIPageViewControllerDelegate.swift"; sourceTree = "<group>"; };
		0D66343B28D243D800356CDB /* MeetCuriositasView+AnyView.swift */ = {isa = PBXFileReference; lastKnownFileType = sourcecode.swift; path = "MeetCuriositasView+AnyView.swift"; sourceTree = "<group>"; };
		0D66343E28D2C0C700356CDB /* MeetCuriositasInformation.swift */ = {isa = PBXFileReference; lastKnownFileType = sourcecode.swift; path = MeetCuriositasInformation.swift; sourceTree = "<group>"; };
		0D66344028D2C82100356CDB /* MeetCuriositasCardImage.swift */ = {isa = PBXFileReference; lastKnownFileType = sourcecode.swift; path = MeetCuriositasCardImage.swift; sourceTree = "<group>"; };
		0D66344328D2DDD400356CDB /* CallFriendsViewController.swift */ = {isa = PBXFileReference; lastKnownFileType = sourcecode.swift; path = CallFriendsViewController.swift; sourceTree = "<group>"; };
		0D66344528D2DE5100356CDB /* CallFriendsView.swift */ = {isa = PBXFileReference; lastKnownFileType = sourcecode.swift; path = CallFriendsView.swift; sourceTree = "<group>"; };
		0D66344828D2DEFF00356CDB /* CallFriendsInformation.swift */ = {isa = PBXFileReference; lastKnownFileType = sourcecode.swift; path = CallFriendsInformation.swift; sourceTree = "<group>"; };
		0D66344A28D2E2AF00356CDB /* CallFriendsView+AnyView.swift */ = {isa = PBXFileReference; lastKnownFileType = sourcecode.swift; path = "CallFriendsView+AnyView.swift"; sourceTree = "<group>"; };
		0D66344D28D2E4A500356CDB /* LearningCuriositasViewController.swift */ = {isa = PBXFileReference; lastKnownFileType = sourcecode.swift; path = LearningCuriositasViewController.swift; sourceTree = "<group>"; };
		0D66344F28D2E4B300356CDB /* LearningCuriositasView.swift */ = {isa = PBXFileReference; lastKnownFileType = sourcecode.swift; path = LearningCuriositasView.swift; sourceTree = "<group>"; };
		0D66345128D2E4C300356CDB /* LearningCuriositasView+AnyView.swift */ = {isa = PBXFileReference; lastKnownFileType = sourcecode.swift; path = "LearningCuriositasView+AnyView.swift"; sourceTree = "<group>"; };
		0D66345428D2E5B100356CDB /* LearningCuriositasInformation.swift */ = {isa = PBXFileReference; lastKnownFileType = sourcecode.swift; path = LearningCuriositasInformation.swift; sourceTree = "<group>"; };
		0D66345628D2E5EA00356CDB /* CallFriendsViewInformation+AnyView.swift */ = {isa = PBXFileReference; lastKnownFileType = sourcecode.swift; path = "CallFriendsViewInformation+AnyView.swift"; sourceTree = "<group>"; };
		0D66345828D2E79B00356CDB /* LearningCuriositasInformation+AnyView.swift */ = {isa = PBXFileReference; lastKnownFileType = sourcecode.swift; path = "LearningCuriositasInformation+AnyView.swift"; sourceTree = "<group>"; };
		0D66345B28D2EB3600356CDB /* StartPlayViewController.swift */ = {isa = PBXFileReference; lastKnownFileType = sourcecode.swift; path = StartPlayViewController.swift; sourceTree = "<group>"; };
		0D66345D28D2EB4A00356CDB /* StartPlayView.swift */ = {isa = PBXFileReference; lastKnownFileType = sourcecode.swift; path = StartPlayView.swift; sourceTree = "<group>"; };
		0D66345F28D2EB5C00356CDB /* StartPlayView+AnyView.swift */ = {isa = PBXFileReference; lastKnownFileType = sourcecode.swift; path = "StartPlayView+AnyView.swift"; sourceTree = "<group>"; };
		0D66346228D2ECB200356CDB /* StartPlayInformation.swift */ = {isa = PBXFileReference; lastKnownFileType = sourcecode.swift; path = StartPlayInformation.swift; sourceTree = "<group>"; };
		0D66346428D2EDE300356CDB /* StartPlayActions.swift */ = {isa = PBXFileReference; lastKnownFileType = sourcecode.swift; path = StartPlayActions.swift; sourceTree = "<group>"; };
		0D66346628D2F5A000356CDB /* StartPlayInformation+AnyView.swift */ = {isa = PBXFileReference; lastKnownFileType = sourcecode.swift; path = "StartPlayInformation+AnyView.swift"; sourceTree = "<group>"; };
		0D66346828D2F5BA00356CDB /* StartPlayActions+AnyView.swift */ = {isa = PBXFileReference; lastKnownFileType = sourcecode.swift; path = "StartPlayActions+AnyView.swift"; sourceTree = "<group>"; };
		0DC3654E28CFB9A2004350E2 /* curiositas.app */ = {isa = PBXFileReference; explicitFileType = wrapper.application; includeInIndex = 0; path = curiositas.app; sourceTree = BUILT_PRODUCTS_DIR; };
		0DC3655128CFB9A2004350E2 /* AppDelegate.swift */ = {isa = PBXFileReference; lastKnownFileType = sourcecode.swift; path = AppDelegate.swift; sourceTree = "<group>"; };
		0DC3655328CFB9A2004350E2 /* SceneDelegate.swift */ = {isa = PBXFileReference; lastKnownFileType = sourcecode.swift; path = SceneDelegate.swift; sourceTree = "<group>"; };
		0DC3655528CFB9A2004350E2 /* HomeViewController.swift */ = {isa = PBXFileReference; lastKnownFileType = sourcecode.swift; path = HomeViewController.swift; sourceTree = "<group>"; };
		0DC3655B28CFB9A2004350E2 /* curiositas.xcdatamodel */ = {isa = PBXFileReference; lastKnownFileType = wrapper.xcdatamodel; path = curiositas.xcdatamodel; sourceTree = "<group>"; };
		0DC3655D28CFB9A3004350E2 /* Assets.xcassets */ = {isa = PBXFileReference; lastKnownFileType = folder.assetcatalog; path = Assets.xcassets; sourceTree = "<group>"; };
		0DC3656028CFB9A3004350E2 /* Base */ = {isa = PBXFileReference; lastKnownFileType = file.storyboard; name = Base; path = Base.lproj/LaunchScreen.storyboard; sourceTree = "<group>"; };
		0DC3656228CFB9A3004350E2 /* Info.plist */ = {isa = PBXFileReference; lastKnownFileType = text.plist.xml; path = Info.plist; sourceTree = "<group>"; };
		0DC3656928CFBB0E004350E2 /* UIView+Preview.swift */ = {isa = PBXFileReference; lastKnownFileType = sourcecode.swift; path = "UIView+Preview.swift"; sourceTree = "<group>"; };
		0DC3656B28CFBB41004350E2 /* UIViewController+Preview.swift */ = {isa = PBXFileReference; lastKnownFileType = sourcecode.swift; path = "UIViewController+Preview.swift"; sourceTree = "<group>"; };
		0DC3657328CFBDD8004350E2 /* ImageConstants.swift */ = {isa = PBXFileReference; lastKnownFileType = sourcecode.swift; path = ImageConstants.swift; sourceTree = "<group>"; };
		0DC3657528CFBFC0004350E2 /* HomeView.swift */ = {isa = PBXFileReference; lastKnownFileType = sourcecode.swift; path = HomeView.swift; sourceTree = "<group>"; };
		0DC3657828CFC03E004350E2 /* AnyView.swift */ = {isa = PBXFileReference; lastKnownFileType = sourcecode.swift; path = AnyView.swift; sourceTree = "<group>"; };
		0DD5526C28D03435001FABCA /* ColorConstants.swift */ = {isa = PBXFileReference; lastKnownFileType = sourcecode.swift; path = ColorConstants.swift; sourceTree = "<group>"; };
		0DD5526E28D036E9001FABCA /* HomeView+AnyView.swift */ = {isa = PBXFileReference; lastKnownFileType = sourcecode.swift; path = "HomeView+AnyView.swift"; sourceTree = "<group>"; };
		0DDBDDB228D3986400DB3C29 /* Int+.swift */ = {isa = PBXFileReference; lastKnownFileType = sourcecode.swift; path = "Int+.swift"; sourceTree = "<group>"; };
		0DDBDDB428D3E14600DB3C29 /* LearningCuriositasLogo.swift */ = {isa = PBXFileReference; lastKnownFileType = sourcecode.swift; path = LearningCuriositasLogo.swift; sourceTree = "<group>"; };
/* End PBXFileReference section */

/* Begin PBXFrameworksBuildPhase section */
		0DC3654B28CFB9A2004350E2 /* Frameworks */ = {
			isa = PBXFrameworksBuildPhase;
			buildActionMask = 2147483647;
			files = (
			);
			runOnlyForDeploymentPostprocessing = 0;
		};
/* End PBXFrameworksBuildPhase section */

/* Begin PBXGroup section */
		0D28527B28D106B300BFF734 /* PlayView */ = {
			isa = PBXGroup;
			children = (
				0D28527C28D106DF00BFF734 /* PlayViewController.swift */,
			);
			path = PlayView;
			sourceTree = "<group>";
		};
		0D28527E28D132EE00BFF734 /* CuriositasButton */ = {
			isa = PBXGroup;
			children = (
				0D28527928D0FD3700BFF734 /* CuriositasButton.swift */,
				0D28527F28D1331500BFF734 /* CuriositasButtonDelegate.swift */,
				0D28528128D1354300BFF734 /* CuriositasButtonViewModel.swift */,
				0D28528528D13C6A00BFF734 /* CuriositasButtonType.swift */,
				0D66342028D1589100356CDB /* CuriositasTitleType.swift */,
			);
			path = CuriositasButton;
			sourceTree = "<group>";
		};
		0D66341D28D14A3300356CDB /* Utils */ = {
			isa = PBXGroup;
			children = (
				0D66341E28D14A8100356CDB /* UIFont+.swift */,
				0DDBDDB228D3986400DB3C29 /* Int+.swift */,
			);
			path = Utils;
			sourceTree = "<group>";
		};
		0D66342228D15B9C00356CDB /* Managers */ = {
			isa = PBXGroup;
			children = (
				0D66342328D15BA700356CDB /* OnboardingManager.swift */,
			);
			path = Managers;
			sourceTree = "<group>";
		};
		0D66342528D15E2C00356CDB /* MeetCuriositas */ = {
			isa = PBXGroup;
			children = (
				0D66343D28D2BFC000356CDB /* Containers */,
				0D66342628D15E5A00356CDB /* MeetCuriositasViewController.swift */,
				0D66342828D15E9E00356CDB /* MeetCuriositasView.swift */,
				0D66343B28D243D800356CDB /* MeetCuriositasView+AnyView.swift */,
			);
			path = MeetCuriositas;
			sourceTree = "<group>";
		};
		0D66343228D18AE700356CDB /* Onboarding */ = {
			isa = PBXGroup;
			children = (
				0D66343328D18B2000356CDB /* OnboardingViewController.swift */,
				0D66343528D2310D00356CDB /* Onboarding+AnyView.swift */,
				0D66343728D2314B00356CDB /* OnboardingViewController+UIPageViewControllerDataSource.swift */,
				0D66343928D2316D00356CDB /* OnboardingViewController+UIPageViewControllerDelegate.swift */,
			);
			path = Onboarding;
			sourceTree = "<group>";
		};
		0D66343D28D2BFC000356CDB /* Containers */ = {
			isa = PBXGroup;
			children = (
				0D66343E28D2C0C700356CDB /* MeetCuriositasInformation.swift */,
				0D66344028D2C82100356CDB /* MeetCuriositasCardImage.swift */,
			);
			path = Containers;
			sourceTree = "<group>";
		};
		0D66344228D2DDAA00356CDB /* CallFriends */ = {
			isa = PBXGroup;
			children = (
				0D66344728D2DEDF00356CDB /* Containers */,
				0D66344328D2DDD400356CDB /* CallFriendsViewController.swift */,
				0D66344528D2DE5100356CDB /* CallFriendsView.swift */,
				0D66344A28D2E2AF00356CDB /* CallFriendsView+AnyView.swift */,
			);
			path = CallFriends;
			sourceTree = "<group>";
		};
		0D66344728D2DEDF00356CDB /* Containers */ = {
			isa = PBXGroup;
			children = (
				0D66344828D2DEFF00356CDB /* CallFriendsInformation.swift */,
				0D66345628D2E5EA00356CDB /* CallFriendsViewInformation+AnyView.swift */,
			);
			path = Containers;
			sourceTree = "<group>";
		};
		0D66344C28D2E48500356CDB /* LearningCuriositas */ = {
			isa = PBXGroup;
			children = (
				0D66345328D2E59B00356CDB /* Containers */,
				0D66344D28D2E4A500356CDB /* LearningCuriositasViewController.swift */,
				0D66344F28D2E4B300356CDB /* LearningCuriositasView.swift */,
				0D66345128D2E4C300356CDB /* LearningCuriositasView+AnyView.swift */,
			);
			path = LearningCuriositas;
			sourceTree = "<group>";
		};
		0D66345328D2E59B00356CDB /* Containers */ = {
			isa = PBXGroup;
			children = (
				0D66345428D2E5B100356CDB /* LearningCuriositasInformation.swift */,
				0D66345828D2E79B00356CDB /* LearningCuriositasInformation+AnyView.swift */,
				0DDBDDB428D3E14600DB3C29 /* LearningCuriositasLogo.swift */,
			);
			path = Containers;
			sourceTree = "<group>";
		};
		0D66345A28D2EB2000356CDB /* StartPlay */ = {
			isa = PBXGroup;
			children = (
				0D66346128D2EC4200356CDB /* Containers */,
				0D66345B28D2EB3600356CDB /* StartPlayViewController.swift */,
				0D66345D28D2EB4A00356CDB /* StartPlayView.swift */,
				0D66345F28D2EB5C00356CDB /* StartPlayView+AnyView.swift */,
			);
			path = StartPlay;
			sourceTree = "<group>";
		};
		0D66346128D2EC4200356CDB /* Containers */ = {
			isa = PBXGroup;
			children = (
				0D66346228D2ECB200356CDB /* StartPlayInformation.swift */,
				0D66346628D2F5A000356CDB /* StartPlayInformation+AnyView.swift */,
				0D66346428D2EDE300356CDB /* StartPlayActions.swift */,
				0D66346828D2F5BA00356CDB /* StartPlayActions+AnyView.swift */,
			);
			path = Containers;
			sourceTree = "<group>";
		};
		0DC3654528CFB9A2004350E2 = {
			isa = PBXGroup;
			children = (
				0DC3655028CFB9A2004350E2 /* curiositas */,
				0DC3654F28CFB9A2004350E2 /* Products */,
			);
			sourceTree = "<group>";
		};
		0DC3654F28CFB9A2004350E2 /* Products */ = {
			isa = PBXGroup;
			children = (
				0DC3654E28CFB9A2004350E2 /* curiositas.app */,
			);
			name = Products;
			sourceTree = "<group>";
		};
		0DC3655028CFB9A2004350E2 /* curiositas */ = {
			isa = PBXGroup;
			children = (
				0D66342228D15B9C00356CDB /* Managers */,
				0D66341D28D14A3300356CDB /* Utils */,
				0DC3657728CFC021004350E2 /* Protocols */,
				0DC3657228CFBC6F004350E2 /* Constants */,
				0DC3657128CFBC40004350E2 /* Components */,
				0DC3656F28CFBBC6004350E2 /* Views */,
				0DC3656E28CFBBAD004350E2 /* Models */,
				0DC3656D28CFBB9C004350E2 /* ViewModels */,
				0DC3656828CFBAE6004350E2 /* PreviewProtocols */,
				0DC3655128CFB9A2004350E2 /* AppDelegate.swift */,
				0DC3655328CFB9A2004350E2 /* SceneDelegate.swift */,
				0DC3655D28CFB9A3004350E2 /* Assets.xcassets */,
				0DC3655F28CFB9A3004350E2 /* LaunchScreen.storyboard */,
				0DC3656228CFB9A3004350E2 /* Info.plist */,
				0DC3655A28CFB9A2004350E2 /* curiositas.xcdatamodeld */,
			);
			path = curiositas;
			sourceTree = "<group>";
		};
		0DC3656828CFBAE6004350E2 /* PreviewProtocols */ = {
			isa = PBXGroup;
			children = (
				0DC3656928CFBB0E004350E2 /* UIView+Preview.swift */,
				0DC3656B28CFBB41004350E2 /* UIViewController+Preview.swift */,
			);
			path = PreviewProtocols;
			sourceTree = "<group>";
		};
		0DC3656D28CFBB9C004350E2 /* ViewModels */ = {
			isa = PBXGroup;
			children = (
			);
			path = ViewModels;
			sourceTree = "<group>";
		};
		0DC3656E28CFBBAD004350E2 /* Models */ = {
			isa = PBXGroup;
			children = (
			);
			path = Models;
			sourceTree = "<group>";
		};
		0DC3656F28CFBBC6004350E2 /* Views */ = {
			isa = PBXGroup;
			children = (
				0D66345A28D2EB2000356CDB /* StartPlay */,
				0D66344C28D2E48500356CDB /* LearningCuriositas */,
				0D66344228D2DDAA00356CDB /* CallFriends */,
				0D66343228D18AE700356CDB /* Onboarding */,
				0D66342528D15E2C00356CDB /* MeetCuriositas */,
				0D28527B28D106B300BFF734 /* PlayView */,
				0DC3657028CFBBFB004350E2 /* HomeView */,
			);
			path = Views;
			sourceTree = "<group>";
		};
		0DC3657028CFBBFB004350E2 /* HomeView */ = {
			isa = PBXGroup;
			children = (
				0DC3655528CFB9A2004350E2 /* HomeViewController.swift */,
				0DC3657528CFBFC0004350E2 /* HomeView.swift */,
				0DD5526E28D036E9001FABCA /* HomeView+AnyView.swift */,
			);
			path = HomeView;
			sourceTree = "<group>";
		};
		0DC3657128CFBC40004350E2 /* Components */ = {
			isa = PBXGroup;
			children = (
				0D28527E28D132EE00BFF734 /* CuriositasButton */,
			);
			path = Components;
			sourceTree = "<group>";
		};
		0DC3657228CFBC6F004350E2 /* Constants */ = {
			isa = PBXGroup;
			children = (
				0DC3657328CFBDD8004350E2 /* ImageConstants.swift */,
				0DD5526C28D03435001FABCA /* ColorConstants.swift */,
			);
			path = Constants;
			sourceTree = "<group>";
		};
		0DC3657728CFC021004350E2 /* Protocols */ = {
			isa = PBXGroup;
			children = (
				0DC3657828CFC03E004350E2 /* AnyView.swift */,
			);
			path = Protocols;
			sourceTree = "<group>";
		};
/* End PBXGroup section */

/* Begin PBXNativeTarget section */
		0DC3654D28CFB9A2004350E2 /* curiositas */ = {
			isa = PBXNativeTarget;
			buildConfigurationList = 0DC3656528CFB9A3004350E2 /* Build configuration list for PBXNativeTarget "curiositas" */;
			buildPhases = (
				0DC3654A28CFB9A2004350E2 /* Sources */,
				0DC3654B28CFB9A2004350E2 /* Frameworks */,
				0DC3654C28CFB9A2004350E2 /* Resources */,
			);
			buildRules = (
			);
			dependencies = (
			);
			name = curiositas;
			productName = curiositas;
			productReference = 0DC3654E28CFB9A2004350E2 /* curiositas.app */;
			productType = "com.apple.product-type.application";
		};
/* End PBXNativeTarget section */

/* Begin PBXProject section */
		0DC3654628CFB9A2004350E2 /* Project object */ = {
			isa = PBXProject;
			attributes = {
				BuildIndependentTargetsInParallel = 1;
				LastSwiftUpdateCheck = 1340;
				LastUpgradeCheck = 1340;
				TargetAttributes = {
					0DC3654D28CFB9A2004350E2 = {
						CreatedOnToolsVersion = 13.4.1;
					};
				};
			};
			buildConfigurationList = 0DC3654928CFB9A2004350E2 /* Build configuration list for PBXProject "curiositas" */;
			compatibilityVersion = "Xcode 13.0";
			developmentRegion = en;
			hasScannedForEncodings = 0;
			knownRegions = (
				en,
				Base,
			);
			mainGroup = 0DC3654528CFB9A2004350E2;
			productRefGroup = 0DC3654F28CFB9A2004350E2 /* Products */;
			projectDirPath = "";
			projectRoot = "";
			targets = (
				0DC3654D28CFB9A2004350E2 /* curiositas */,
			);
		};
/* End PBXProject section */

/* Begin PBXResourcesBuildPhase section */
		0DC3654C28CFB9A2004350E2 /* Resources */ = {
			isa = PBXResourcesBuildPhase;
			buildActionMask = 2147483647;
			files = (
				0DC3656128CFB9A3004350E2 /* LaunchScreen.storyboard in Resources */,
				0DC3655E28CFB9A3004350E2 /* Assets.xcassets in Resources */,
			);
			runOnlyForDeploymentPostprocessing = 0;
		};
/* End PBXResourcesBuildPhase section */

/* Begin PBXSourcesBuildPhase section */
		0DC3654A28CFB9A2004350E2 /* Sources */ = {
			isa = PBXSourcesBuildPhase;
			buildActionMask = 2147483647;
			files = (
				0DDBDDB528D3E14600DB3C29 /* LearningCuriositasLogo.swift in Sources */,
				0DC3657428CFBDD8004350E2 /* ImageConstants.swift in Sources */,
				0D66345C28D2EB3600356CDB /* StartPlayViewController.swift in Sources */,
				0D66345728D2E5EA00356CDB /* CallFriendsViewInformation+AnyView.swift in Sources */,
				0D66345928D2E79B00356CDB /* LearningCuriositasInformation+AnyView.swift in Sources */,
				0D66346528D2EDE300356CDB /* StartPlayActions.swift in Sources */,
				0D66341F28D14A8100356CDB /* UIFont+.swift in Sources */,
				0D66344628D2DE5100356CDB /* CallFriendsView.swift in Sources */,
				0D66346928D2F5BA00356CDB /* StartPlayActions+AnyView.swift in Sources */,
				0D66345228D2E4C300356CDB /* LearningCuriositasView+AnyView.swift in Sources */,
				0DC3655628CFB9A2004350E2 /* HomeViewController.swift in Sources */,
				0D28527D28D106DF00BFF734 /* PlayViewController.swift in Sources */,
				0DDBDDB328D3986400DB3C29 /* Int+.swift in Sources */,
				0D66345528D2E5B100356CDB /* LearningCuriositasInformation.swift in Sources */,
				0D66343628D2310D00356CDB /* Onboarding+AnyView.swift in Sources */,
				0DC3655C28CFB9A2004350E2 /* curiositas.xcdatamodeld in Sources */,
				0D66343A28D2316D00356CDB /* OnboardingViewController+UIPageViewControllerDelegate.swift in Sources */,
				0D66344B28D2E2AF00356CDB /* CallFriendsView+AnyView.swift in Sources */,
				0D66346028D2EB5C00356CDB /* StartPlayView+AnyView.swift in Sources */,
				0D66342728D15E5A00356CDB /* MeetCuriositasViewController.swift in Sources */,
				0D66342928D15E9E00356CDB /* MeetCuriositasView.swift in Sources */,
				0D66343F28D2C0C700356CDB /* MeetCuriositasInformation.swift in Sources */,
				0D66342428D15BA700356CDB /* OnboardingManager.swift in Sources */,
				0D66344128D2C82100356CDB /* MeetCuriositasCardImage.swift in Sources */,
				0D66344E28D2E4A500356CDB /* LearningCuriositasViewController.swift in Sources */,
				0D28528028D1331500BFF734 /* CuriositasButtonDelegate.swift in Sources */,
				0D66343C28D243D800356CDB /* MeetCuriositasView+AnyView.swift in Sources */,
				0D28528228D1354300BFF734 /* CuriositasButtonViewModel.swift in Sources */,
				0D66343828D2314B00356CDB /* OnboardingViewController+UIPageViewControllerDataSource.swift in Sources */,
				0DD5526F28D036E9001FABCA /* HomeView+AnyView.swift in Sources */,
				0DC3655228CFB9A2004350E2 /* AppDelegate.swift in Sources */,
				0D66346328D2ECB200356CDB /* StartPlayInformation.swift in Sources */,
				0DD5526D28D03435001FABCA /* ColorConstants.swift in Sources */,
				0D66345028D2E4B300356CDB /* LearningCuriositasView.swift in Sources */,
				0D28528628D13C6A00BFF734 /* CuriositasButtonType.swift in Sources */,
				0DC3656C28CFBB41004350E2 /* UIViewController+Preview.swift in Sources */,
				0D66344428D2DDD400356CDB /* CallFriendsViewController.swift in Sources */,
				0D66342128D1589100356CDB /* CuriositasTitleType.swift in Sources */,
				0DC3657628CFBFC0004350E2 /* HomeView.swift in Sources */,
				0D66343428D18B2000356CDB /* OnboardingViewController.swift in Sources */,
				0DC3656A28CFBB0E004350E2 /* UIView+Preview.swift in Sources */,
				0DC3655428CFB9A2004350E2 /* SceneDelegate.swift in Sources */,
				0D66344928D2DEFF00356CDB /* CallFriendsInformation.swift in Sources */,
				0D66345E28D2EB4A00356CDB /* StartPlayView.swift in Sources */,
				0D66346728D2F5A000356CDB /* StartPlayInformation+AnyView.swift in Sources */,
				0DC3657928CFC03E004350E2 /* AnyView.swift in Sources */,
				0D28527A28D0FD3700BFF734 /* CuriositasButton.swift in Sources */,
			);
			runOnlyForDeploymentPostprocessing = 0;
		};
/* End PBXSourcesBuildPhase section */

/* Begin PBXVariantGroup section */
		0DC3655F28CFB9A3004350E2 /* LaunchScreen.storyboard */ = {
			isa = PBXVariantGroup;
			children = (
				0DC3656028CFB9A3004350E2 /* Base */,
			);
			name = LaunchScreen.storyboard;
			sourceTree = "<group>";
		};
/* End PBXVariantGroup section */

/* Begin XCBuildConfiguration section */
		0DC3656328CFB9A3004350E2 /* Debug */ = {
			isa = XCBuildConfiguration;
			buildSettings = {
				ALWAYS_SEARCH_USER_PATHS = NO;
				CLANG_ANALYZER_NONNULL = YES;
				CLANG_ANALYZER_NUMBER_OBJECT_CONVERSION = YES_AGGRESSIVE;
				CLANG_CXX_LANGUAGE_STANDARD = "gnu++17";
				CLANG_ENABLE_MODULES = YES;
				CLANG_ENABLE_OBJC_ARC = YES;
				CLANG_ENABLE_OBJC_WEAK = YES;
				CLANG_WARN_BLOCK_CAPTURE_AUTORELEASING = YES;
				CLANG_WARN_BOOL_CONVERSION = YES;
				CLANG_WARN_COMMA = YES;
				CLANG_WARN_CONSTANT_CONVERSION = YES;
				CLANG_WARN_DEPRECATED_OBJC_IMPLEMENTATIONS = YES;
				CLANG_WARN_DIRECT_OBJC_ISA_USAGE = YES_ERROR;
				CLANG_WARN_DOCUMENTATION_COMMENTS = YES;
				CLANG_WARN_EMPTY_BODY = YES;
				CLANG_WARN_ENUM_CONVERSION = YES;
				CLANG_WARN_INFINITE_RECURSION = YES;
				CLANG_WARN_INT_CONVERSION = YES;
				CLANG_WARN_NON_LITERAL_NULL_CONVERSION = YES;
				CLANG_WARN_OBJC_IMPLICIT_RETAIN_SELF = YES;
				CLANG_WARN_OBJC_LITERAL_CONVERSION = YES;
				CLANG_WARN_OBJC_ROOT_CLASS = YES_ERROR;
				CLANG_WARN_QUOTED_INCLUDE_IN_FRAMEWORK_HEADER = YES;
				CLANG_WARN_RANGE_LOOP_ANALYSIS = YES;
				CLANG_WARN_STRICT_PROTOTYPES = YES;
				CLANG_WARN_SUSPICIOUS_MOVE = YES;
				CLANG_WARN_UNGUARDED_AVAILABILITY = YES_AGGRESSIVE;
				CLANG_WARN_UNREACHABLE_CODE = YES;
				CLANG_WARN__DUPLICATE_METHOD_MATCH = YES;
				COPY_PHASE_STRIP = NO;
				DEBUG_INFORMATION_FORMAT = dwarf;
				ENABLE_STRICT_OBJC_MSGSEND = YES;
				ENABLE_TESTABILITY = YES;
				GCC_C_LANGUAGE_STANDARD = gnu11;
				GCC_DYNAMIC_NO_PIC = NO;
				GCC_NO_COMMON_BLOCKS = YES;
				GCC_OPTIMIZATION_LEVEL = 0;
				GCC_PREPROCESSOR_DEFINITIONS = (
					"DEBUG=1",
					"$(inherited)",
				);
				GCC_WARN_64_TO_32_BIT_CONVERSION = YES;
				GCC_WARN_ABOUT_RETURN_TYPE = YES_ERROR;
				GCC_WARN_UNDECLARED_SELECTOR = YES;
				GCC_WARN_UNINITIALIZED_AUTOS = YES_AGGRESSIVE;
				GCC_WARN_UNUSED_FUNCTION = YES;
				GCC_WARN_UNUSED_VARIABLE = YES;
				IPHONEOS_DEPLOYMENT_TARGET = 15.5;
				MTL_ENABLE_DEBUG_INFO = INCLUDE_SOURCE;
				MTL_FAST_MATH = YES;
				ONLY_ACTIVE_ARCH = YES;
				SDKROOT = iphoneos;
				SWIFT_ACTIVE_COMPILATION_CONDITIONS = DEBUG;
				SWIFT_OPTIMIZATION_LEVEL = "-Onone";
			};
			name = Debug;
		};
		0DC3656428CFB9A3004350E2 /* Release */ = {
			isa = XCBuildConfiguration;
			buildSettings = {
				ALWAYS_SEARCH_USER_PATHS = NO;
				CLANG_ANALYZER_NONNULL = YES;
				CLANG_ANALYZER_NUMBER_OBJECT_CONVERSION = YES_AGGRESSIVE;
				CLANG_CXX_LANGUAGE_STANDARD = "gnu++17";
				CLANG_ENABLE_MODULES = YES;
				CLANG_ENABLE_OBJC_ARC = YES;
				CLANG_ENABLE_OBJC_WEAK = YES;
				CLANG_WARN_BLOCK_CAPTURE_AUTORELEASING = YES;
				CLANG_WARN_BOOL_CONVERSION = YES;
				CLANG_WARN_COMMA = YES;
				CLANG_WARN_CONSTANT_CONVERSION = YES;
				CLANG_WARN_DEPRECATED_OBJC_IMPLEMENTATIONS = YES;
				CLANG_WARN_DIRECT_OBJC_ISA_USAGE = YES_ERROR;
				CLANG_WARN_DOCUMENTATION_COMMENTS = YES;
				CLANG_WARN_EMPTY_BODY = YES;
				CLANG_WARN_ENUM_CONVERSION = YES;
				CLANG_WARN_INFINITE_RECURSION = YES;
				CLANG_WARN_INT_CONVERSION = YES;
				CLANG_WARN_NON_LITERAL_NULL_CONVERSION = YES;
				CLANG_WARN_OBJC_IMPLICIT_RETAIN_SELF = YES;
				CLANG_WARN_OBJC_LITERAL_CONVERSION = YES;
				CLANG_WARN_OBJC_ROOT_CLASS = YES_ERROR;
				CLANG_WARN_QUOTED_INCLUDE_IN_FRAMEWORK_HEADER = YES;
				CLANG_WARN_RANGE_LOOP_ANALYSIS = YES;
				CLANG_WARN_STRICT_PROTOTYPES = YES;
				CLANG_WARN_SUSPICIOUS_MOVE = YES;
				CLANG_WARN_UNGUARDED_AVAILABILITY = YES_AGGRESSIVE;
				CLANG_WARN_UNREACHABLE_CODE = YES;
				CLANG_WARN__DUPLICATE_METHOD_MATCH = YES;
				COPY_PHASE_STRIP = NO;
				DEBUG_INFORMATION_FORMAT = "dwarf-with-dsym";
				ENABLE_NS_ASSERTIONS = NO;
				ENABLE_STRICT_OBJC_MSGSEND = YES;
				GCC_C_LANGUAGE_STANDARD = gnu11;
				GCC_NO_COMMON_BLOCKS = YES;
				GCC_WARN_64_TO_32_BIT_CONVERSION = YES;
				GCC_WARN_ABOUT_RETURN_TYPE = YES_ERROR;
				GCC_WARN_UNDECLARED_SELECTOR = YES;
				GCC_WARN_UNINITIALIZED_AUTOS = YES_AGGRESSIVE;
				GCC_WARN_UNUSED_FUNCTION = YES;
				GCC_WARN_UNUSED_VARIABLE = YES;
				IPHONEOS_DEPLOYMENT_TARGET = 15.5;
				MTL_ENABLE_DEBUG_INFO = NO;
				MTL_FAST_MATH = YES;
				SDKROOT = iphoneos;
				SWIFT_COMPILATION_MODE = wholemodule;
				SWIFT_OPTIMIZATION_LEVEL = "-O";
				VALIDATE_PRODUCT = YES;
			};
			name = Release;
		};
		0DC3656628CFB9A3004350E2 /* Debug */ = {
			isa = XCBuildConfiguration;
			buildSettings = {
				ASSETCATALOG_COMPILER_APPICON_NAME = AppIcon;
				ASSETCATALOG_COMPILER_GLOBAL_ACCENT_COLOR_NAME = AccentColor;
				CODE_SIGN_STYLE = Automatic;
				CURRENT_PROJECT_VERSION = 1;
				DEVELOPMENT_TEAM = 4UVYB4V5UN;
				GENERATE_INFOPLIST_FILE = YES;
				INFOPLIST_FILE = curiositas/Info.plist;
				INFOPLIST_KEY_UIApplicationSupportsIndirectInputEvents = YES;
				INFOPLIST_KEY_UILaunchStoryboardName = LaunchScreen;
				INFOPLIST_KEY_UISupportedInterfaceOrientations = "";
				INFOPLIST_KEY_UISupportedInterfaceOrientations_iPad = "UIInterfaceOrientationPortrait UIInterfaceOrientationPortraitUpsideDown UIInterfaceOrientationLandscapeLeft UIInterfaceOrientationLandscapeRight";
				INFOPLIST_KEY_UISupportedInterfaceOrientations_iPhone = "UIInterfaceOrientationPortrait UIInterfaceOrientationLandscapeLeft UIInterfaceOrientationLandscapeRight";
				LD_RUNPATH_SEARCH_PATHS = (
					"$(inherited)",
					"@executable_path/Frameworks",
				);
				MARKETING_VERSION = 1.0;
				PRODUCT_BUNDLE_IDENTIFIER = br.ufpe.cin.academy.apfd.curiositas;
				PRODUCT_NAME = "$(TARGET_NAME)";
				SWIFT_EMIT_LOC_STRINGS = YES;
				SWIFT_VERSION = 5.0;
				TARGETED_DEVICE_FAMILY = 1;
			};
			name = Debug;
		};
		0DC3656728CFB9A3004350E2 /* Release */ = {
			isa = XCBuildConfiguration;
			buildSettings = {
				ASSETCATALOG_COMPILER_APPICON_NAME = AppIcon;
				ASSETCATALOG_COMPILER_GLOBAL_ACCENT_COLOR_NAME = AccentColor;
				CODE_SIGN_STYLE = Automatic;
				CURRENT_PROJECT_VERSION = 1;
				DEVELOPMENT_TEAM = 4UVYB4V5UN;
				GENERATE_INFOPLIST_FILE = YES;
				INFOPLIST_FILE = curiositas/Info.plist;
				INFOPLIST_KEY_UIApplicationSupportsIndirectInputEvents = YES;
				INFOPLIST_KEY_UILaunchStoryboardName = LaunchScreen;
				INFOPLIST_KEY_UISupportedInterfaceOrientations = "";
				INFOPLIST_KEY_UISupportedInterfaceOrientations_iPad = "UIInterfaceOrientationPortrait UIInterfaceOrientationPortraitUpsideDown UIInterfaceOrientationLandscapeLeft UIInterfaceOrientationLandscapeRight";
				INFOPLIST_KEY_UISupportedInterfaceOrientations_iPhone = "UIInterfaceOrientationPortrait UIInterfaceOrientationLandscapeLeft UIInterfaceOrientationLandscapeRight";
				LD_RUNPATH_SEARCH_PATHS = (
					"$(inherited)",
					"@executable_path/Frameworks",
				);
				MARKETING_VERSION = 1.0;
				PRODUCT_BUNDLE_IDENTIFIER = br.ufpe.cin.academy.apfd.curiositas;
				PRODUCT_NAME = "$(TARGET_NAME)";
				SWIFT_EMIT_LOC_STRINGS = YES;
				SWIFT_VERSION = 5.0;
				TARGETED_DEVICE_FAMILY = 1;
			};
			name = Release;
		};
/* End XCBuildConfiguration section */

/* Begin XCConfigurationList section */
		0DC3654928CFB9A2004350E2 /* Build configuration list for PBXProject "curiositas" */ = {
			isa = XCConfigurationList;
			buildConfigurations = (
				0DC3656328CFB9A3004350E2 /* Debug */,
				0DC3656428CFB9A3004350E2 /* Release */,
			);
			defaultConfigurationIsVisible = 0;
			defaultConfigurationName = Release;
		};
		0DC3656528CFB9A3004350E2 /* Build configuration list for PBXNativeTarget "curiositas" */ = {
			isa = XCConfigurationList;
			buildConfigurations = (
				0DC3656628CFB9A3004350E2 /* Debug */,
				0DC3656728CFB9A3004350E2 /* Release */,
			);
			defaultConfigurationIsVisible = 0;
			defaultConfigurationName = Release;
		};
/* End XCConfigurationList section */

/* Begin XCVersionGroup section */
		0DC3655A28CFB9A2004350E2 /* curiositas.xcdatamodeld */ = {
			isa = XCVersionGroup;
			children = (
				0DC3655B28CFB9A2004350E2 /* curiositas.xcdatamodel */,
			);
			currentVersion = 0DC3655B28CFB9A2004350E2 /* curiositas.xcdatamodel */;
			path = curiositas.xcdatamodeld;
			sourceTree = "<group>";
			versionGroupType = wrapper.xcdatamodel;
		};
/* End XCVersionGroup section */
	};
	rootObject = 0DC3654628CFB9A2004350E2 /* Project object */;
}
